
Microsoft Visual Studio Solution File, Format Version 12.00
# Visual Studio Version 17
VisualStudioVersion = 17.5.002.0
MinimumVisualStudioVersion = 10.0.40219.1
Project("{9A19103F-16F7-4668-BE54-9A1E7A4F7556}") = "Proyecto", "Proyecto.csproj", "{22E7A0CB-AA6D-4493-9F5D-142AEA156552}"
EndProject
Global
	GlobalSection(SolutionConfigurationPlatforms) = preSolution
		Debug|Any CPU = Debug|Any CPU
		Release|Any CPU = Release|Any CPU
	EndGlobalSection
	GlobalSection(ProjectConfigurationPlatforms) = postSolution
		{22E7A0CB-AA6D-4493-9F5D-142AEA156552}.Debug|Any CPU.ActiveCfg = Debug|Any CPU
		{22E7A0CB-AA6D-4493-9F5D-142AEA156552}.Debug|Any CPU.Build.0 = Debug|Any CPU
		{22E7A0CB-AA6D-4493-9F5D-142AEA156552}.Release|Any CPU.ActiveCfg = Release|Any CPU
		{22E7A0CB-AA6D-4493-9F5D-142AEA156552}.Release|Any CPU.Build.0 = Release|Any CPU
	EndGlobalSection
	GlobalSection(SolutionProperties) = preSolution
		HideSolutionNode = FALSE
	EndGlobalSection
	GlobalSection(ExtensibilityGlobals) = postSolution
		SolutionGuid = {5909734A-5F5F-457A-89C2-B25211F7D418}
	EndGlobalSection
EndGlobal
